{
  "nodes": {
    "flake-utils": {
      "locked": {
        "lastModified": 1637014545,
        "narHash": "sha256-26IZAc5yzlD9FlDT54io1oqG/bBoyka+FJk5guaX4x4=",
        "owner": "numtide",
        "repo": "flake-utils",
        "rev": "bba5dcc8e0b20ab664967ad83d24d64cb64ec4f4",
        "type": "github"
      },
      "original": {
        "owner": "numtide",
        "repo": "flake-utils",
        "type": "github"
      }
    },
    "nixpkgs": {
      "locked": {
        "lastModified": 1636365054,
        "narHash": "sha256-N4SW+Pbk3iesSPn+FZz1xdwJFEfFiQfUpJFX78e2KcI=",
        "ref": "vabl",
        "rev": "4bb44c7d85df19611a36d0bf27410a620debf48c",
        "revCount": 319582,
        "type": "git",
        "url": "ssh://git@bitbucket.org/myprocessx/nixpkgs"
      },
      "original": {
        "ref": "vabl",
        "type": "git",
        "url": "ssh://git@bitbucket.org/myprocessx/nixpkgs"
      }
    },
    "root": {
      "inputs": {
        "flake-utils": "flake-utils",
        "nixpkgs": "nixpkgs"
      }
    }
  },
  "root": "root",
  "version": 7
}
