{
  "version": 1,
  "dependencies": {
    ".NETCoreApp,Version=v3.0": {
      "FluidCaching": {
        "type": "Direct",
        "requested": "[1.3.*, )",
        "resolved": "1.3.2",
        "contentHash": "9W3e6GBZltecew8tBvPb5VGYHxETVagkaH7hQb3gZPFZ6WNX6lLeYM8W9Oqt88s4ESoT1vTLH0vdDTmW9G6i5A=="
      },
      "FSharp.Core": {
        "type": "Direct",
        "requested": "[4.7.2, )",
        "resolved": "4.7.2",
        "contentHash": "w3XFVTnyZUbC8e2QT6a85ern6y7eQPPk+MYemz1FP0iBfgZcembL+wmo5cIZ1kxB8jfoXC8Q9KVkOMsGpkBKbA=="
      },
      "FsLexYacc": {
        "type": "Direct",
        "requested": "[10.0.*, )",
        "resolved": "10.0.0",
        "contentHash": "YIaA8wBIrl2EzMPN3VqoaPo5K1+xTmROIUejTDrxqDdBkcNu145UBUhVchMiAWQda6NS5esJIX2Jh83ChKJzzA==",
        "dependencies": {
          "FSharp.Core": "4.3.4",
          "FsLexYacc.Runtime": "[10.0.0, 10.1.0)"
        }
      },
      "Giraffe": {
        "type": "Direct",
        "requested": "[4.0.*, )",
        "resolved": "4.0.1",
        "contentHash": "fGv3zoofgkex3mwF4fwtfPtKutt2DrbkxNb9QWFGJQLIMjLcomojGsATrNTWRzdYPiipFTApxfIi30LKe3zhOA==",
        "dependencies": {
          "FSharp.Core": "4.7.0",
          "Microsoft.IO.RecyclableMemoryStream": "1.2.2",
          "Newtonsoft.Json": "12.0.2",
          "System.Text.RegularExpressions": "4.3.1",
          "System.ValueTuple": "4.5.0",
          "System.Xml.XmlSerializer": "4.3.0",
          "TaskBuilder.fs": "2.1.0",
          "Utf8Json": "1.3.7"
        }
      },
      "Microsoft.AspNetCore.Authentication.JwtBearer": {
        "type": "Direct",
        "requested": "[3.0.*, )",
        "resolved": "3.0.3",
        "contentHash": "3agHVU8W52KaXVkfGuaftc8OGnyiH4Xqanaqwx/RugdraDvT4KGt9MgFOF7selwon5iP4Cs++Mj4ynpYUy7fEQ==",
        "dependencies": {
          "Microsoft.IdentityModel.Protocols.OpenIdConnect": "5.5.0"
        }
      },
      "NetJs": {
        "type": "Direct",
        "requested": "[1.1.*, )",
        "resolved": "1.1.17",
        "contentHash": "hiZJ4SbYp69jlv7Jo/KTaENM7T9GMW/OBFBsWc+9xk+xqOMRSwRJ4B/tjhvAYyP3pGqjqnrlZng5OcuTIltBKA=="
      },
      "NetJs.Json": {
        "type": "Direct",
        "requested": "[1.1.*, )",
        "resolved": "1.1.11",
        "contentHash": "jGuq5tjc2IWD7fBzxAPKpW53NpsY6dgQCRE9FH8f9nzlNATXLGEC7ECR3ijAz851WMNsvFtwOC5LFjqCpi403g==",
        "dependencies": {
          "NetJs": "1.1.10",
          "Newtonsoft.Json": "12.0.3"
        }
      },
      "Npgsql": {
        "type": "Direct",
        "requested": "[4.1.*, )",
        "resolved": "4.1.4",
        "contentHash": "qLwnSF7GAAxxrNFH3EprG352CJbhTCIDkk9PJ3/6aBeMOZBq+QMI1Yxsi9aUrBJwE51PaMLIYw0eq/bv9CGQTw==",
        "dependencies": {
          "System.Runtime.CompilerServices.Unsafe": "4.6.0"
        }
      },
      "Npgsql.EntityFrameworkCore.PostgreSQL": {
        "type": "Direct",
        "requested": "[3.0.*, )",
        "resolved": "3.0.1",
        "contentHash": "eaPyTwh8udaOJLCUe95EKuSehxEmzw7FAY2ZRk7djfvSC89cUiuVYByyn4D1mJCYK6O892O3V6w7n6zlelIQEQ==",
        "dependencies": {
          "Microsoft.EntityFrameworkCore": "3.0.0",
          "Microsoft.EntityFrameworkCore.Abstractions": "3.0.0",
          "Microsoft.EntityFrameworkCore.Relational": "3.0.0",
          "Npgsql": "4.1.1"
        }
      },
      "Npgsql.Json.NET": {
        "type": "Direct",
        "requested": "[4.1.*, )",
        "resolved": "4.1.4",
        "contentHash": "5uma2A2gkeo6pG/+tDRqiGaSa6dqp2lg1De0g52/ILf28ZP7bhtMV9DvdcNQk8VRyTtdBM2V8SMp+VxIE5IBpg==",
        "dependencies": {
          "Newtonsoft.Json": "11.0.2",
          "Npgsql": "4.1.4"
        }
      },
      "System.Data.HashFunction.CityHash": {
        "type": "Direct",
        "requested": "[2.0.*, )",
        "resolved": "2.0.0",
        "contentHash": "ESdi+70t/QZNLwgLTO/Xf2XK4CGlOyDSjXn9tEl9+DLQ/vWtinykSN4C9l4QMEIh/r2rnG76TLPWq53z4/qdig==",
        "dependencies": {
          "NETStandard.Library": "1.6.1",
          "System.Data.HashFunction.Core": "2.0.0"
        }
      },
      "Z.EntityFramework.Plus.EFCore": {
        "type": "Direct",
        "requested": "[3.0.59, )",
        "resolved": "3.0.59",
        "contentHash": "b+SVhZckc0mEdUgRGSgKj0iNcrG2YGtC+GGtFFam+bGP7SFA97XYPWcabFwgIthUlFjNBtpRmFiR/wZRIoGXTg==",
        "dependencies": {
          "Microsoft.CSharp": "4.6.0",
          "Microsoft.EntityFrameworkCore.Relational": "[3.0.0, 5.0.0)",
          "System.Reflection.Emit": "4.6.0",
          "System.Reflection.TypeExtensions": "4.6.0",
          "Z.EntityFramework.Extensions.EFCore": "3.0.89",
          "Z.Expressions.Eval": "4.0.12"
        }
      },
      "FsLexYacc.Runtime": {
        "type": "Transitive",
        "resolved": "10.0.0",
        "contentHash": "dqieKjfd84tOwlT2C7Bk8Y/otGVfYlVkFhAM0d0nADNG6SChdjN06zB+cVqCF0XTS186ntmFKQVwXVk2RcHmEA==",
        "dependencies": {
          "FSharp.Core": "4.3.4"
        }
      },
      "Microsoft.Bcl.AsyncInterfaces": {
        "type": "Transitive",
        "resolved": "1.1.1",
        "contentHash": "yuvf07qFWFqtK3P/MRkEKLhn5r2UbSpVueRziSqj0yJQIKFwG1pq9mOayK3zE5qZCTs0CbrwL9M6R8VwqyGy2w=="
      },
      "Microsoft.Bcl.HashCode": {
        "type": "Transitive",
        "resolved": "1.1.0",
        "contentHash": "J2G1k+u5unBV+aYcwxo94ip16Rkp65pgWFb0R6zwJipzWNMgvqlWeuI7/+R+e8bob66LnSG+llLJ+z8wI94cHg=="
      },
      "Microsoft.CSharp": {
        "type": "Transitive",
        "resolved": "4.6.0",
        "contentHash": "kxn3M2rnAGy5N5DgcIwcE8QTePWU/XiYcQVzn9HqTls2NKluVzVSmVWRjK7OUPWbljCXuZxHyhEz9kPRIQeXow=="
      },
      "Microsoft.EntityFrameworkCore": {
        "type": "Transitive",
        "resolved": "3.1.8",
        "contentHash": "bI+yxA329qf+8efR6A35/3L2NLekcsWJOfXakA37ILUiWcX1qp/XsXmEi6SYMpMikioy0a5p0IU8gHoqSvtLaA==",
        "dependencies": {
          "Microsoft.Bcl.AsyncInterfaces": "1.1.1",
          "Microsoft.Bcl.HashCode": "1.1.0",
          "Microsoft.EntityFrameworkCore.Abstractions": "3.1.8",
          "Microsoft.EntityFrameworkCore.Analyzers": "3.1.8",
          "Microsoft.Extensions.Caching.Memory": "3.1.8",
          "Microsoft.Extensions.DependencyInjection": "3.1.8",
          "Microsoft.Extensions.Logging": "3.1.8",
          "System.Collections.Immutable": "1.7.1",
          "System.ComponentModel.Annotations": "4.7.0",
          "System.Diagnostics.DiagnosticSource": "4.7.1"
        }
      },
      "Microsoft.EntityFrameworkCore.Abstractions": {
        "type": "Transitive",
        "resolved": "3.1.8",
        "contentHash": "bJ6Crbz3FP2Cze1DXg+FiE5l0AFK8y6j32LP+6tMFrpdJc0XB8XBGXEX6w9baulxXC8U3OYUq1yxFVwgNdVyJw=="
      },
      "Microsoft.EntityFrameworkCore.Analyzers": {
        "type": "Transitive",
        "resolved": "3.1.8",
        "contentHash": "Cm1+PV53O/xN4P8fMkSZq9aqyXRjEZ5kmuWs7W4yE4V4GLgrqTCRmtooM5tUPM3R7VI47hAa8Aab+UuSRvpU+w=="
      },
      "Microsoft.EntityFrameworkCore.Relational": {
        "type": "Transitive",
        "resolved": "3.1.8",
        "contentHash": "n8c2Nyfyl0AKXdM++tiKZmX/jeiu1Uv+uxZAHGgKuiQJbpOCPAhjRB4tHLdo1jOvfkhJT9K6wekf9VaXjtL1tw==",
        "dependencies": {
          "Microsoft.EntityFrameworkCore": "3.1.8"
        }
      },
      "Microsoft.Extensions.Caching.Abstractions": {
        "type": "Transitive",
        "resolved": "3.1.8",
        "contentHash": "iBIdKjKa2nR4LdknV2JMSRpJVM5TOca25EckPm6SZQT6HfH8RoHrn9m14GUAkvzE+uOziXRoAwr8YIC6ZOpyXg==",
        "dependencies": {
          "Microsoft.Extensions.Primitives": "3.1.8"
        }
      },
      "Microsoft.Extensions.Caching.Memory": {
        "type": "Transitive",
        "resolved": "3.1.8",
        "contentHash": "u04q7+tgc8l6pQ5HOcr6scgapkQQHnrhpGoCaaAZd24R36/NxGsGxuhSmhHOrQx9CsBLe2CVBN/4CkLlxtnnXw==",
        "dependencies": {
          "Microsoft.Extensions.Caching.Abstractions": "3.1.8",
          "Microsoft.Extensions.DependencyInjection.Abstractions": "3.1.8",
          "Microsoft.Extensions.Logging.Abstractions": "3.1.8",
          "Microsoft.Extensions.Options": "3.1.8"
        }
      },
      "Microsoft.Extensions.Configuration": {
        "type": "Transitive",
        "resolved": "3.1.8",
        "contentHash": "xWvtu/ra8xDOy62ZXzQj1ElmmH3GpZBSKvw4LbfNXKCy+PaziS5Uh0gQ47D4H4w3u+PJfhNWCCGCp9ORNEzkRw==",
        "dependencies": {
          "Microsoft.Extensions.Configuration.Abstractions": "3.1.8"
        }
      },
      "Microsoft.Extensions.Configuration.Abstractions": {
        "type": "Transitive",
        "resolved": "3.1.8",
        "contentHash": "0qbNyxGpuNP/fuQ3FLHesm1Vn/83qYcAgVsi1UQCQN1peY4YH1uiizOh4xbYkQyxiVMD/c/zhiYYv94G0DXSSA==",
        "dependencies": {
          "Microsoft.Extensions.Primitives": "3.1.8"
        }
      },
      "Microsoft.Extensions.Configuration.Binder": {
        "type": "Transitive",
        "resolved": "3.1.8",
        "contentHash": "l/oqIWRM4YF62mlCOrIKGUOCemsaID/lngK2SZEtpYI8LrktpjPd4QzvENWj5GebbLbqOtsFhF6Ko6dgzmUnBw==",
        "dependencies": {
          "Microsoft.Extensions.Configuration": "3.1.8"
        }
      },
      "Microsoft.Extensions.DependencyInjection": {
        "type": "Transitive",
        "resolved": "3.1.8",
        "contentHash": "tUpYcVxFqwh8wVD8O+6A8gJnVtl6L4N1Vd9bLJgQSJ0gjBTUQ/eKwJn0LglkkaDU7GAxODDv4eexgZn3QSE0NQ==",
        "dependencies": {
          "Microsoft.Extensions.DependencyInjection.Abstractions": "3.1.8"
        }
      },
      "Microsoft.Extensions.DependencyInjection.Abstractions": {
        "type": "Transitive",
        "resolved": "3.1.8",
        "contentHash": "YP0kEBkSLTVl3znqZEux+xyJpz5iVNwFZf0OPS7nupdKbojSlO7Fa+JuQjLYpWfpAshaMcznu27tjWzfXRJnOA=="
      },
      "Microsoft.Extensions.Logging": {
        "type": "Transitive",
        "resolved": "3.1.8",
        "contentHash": "Bch88WGwrgJUabSOiTbPgne/jkCcWTyP97db8GWzQH9RcGi6TThiRm8ggsD+OXBW2UBwAYx1Zb1ns1elsMiomQ==",
        "dependencies": {
          "Microsoft.Extensions.Configuration.Binder": "3.1.8",
          "Microsoft.Extensions.DependencyInjection": "3.1.8",
          "Microsoft.Extensions.Logging.Abstractions": "3.1.8",
          "Microsoft.Extensions.Options": "3.1.8"
        }
      },
      "Microsoft.Extensions.Logging.Abstractions": {
        "type": "Transitive",
        "resolved": "3.1.8",
        "contentHash": "LxQPR/KE4P9nx304VcFipWPcW8ZOZOGHuiYlG0ncAQJItogDzR9nyYUNvziLObx2MfX2Z9iCTdAqEtoImaQOYg=="
      },
      "Microsoft.Extensions.Options": {
        "type": "Transitive",
        "resolved": "3.1.8",
        "contentHash": "mpkwjNg5sr1XHEJwVS8G1w6dsh5/72vQOOe4aqhg012j93m8OOmfyIBwoQN4SE0KRRS+fatdW3qqUrHbRwlWOA==",
        "dependencies": {
          "Microsoft.Extensions.DependencyInjection.Abstractions": "3.1.8",
          "Microsoft.Extensions.Primitives": "3.1.8",
          "System.ComponentModel.Annotations": "4.7.0"
        }
      },
      "Microsoft.Extensions.Primitives": {
        "type": "Transitive",
        "resolved": "3.1.8",
        "contentHash": "XcIoXQhT0kwnEhOKv/LmpWR6yF6QWmBTy9Fcsz4aHuCOgTJ7Zd23ELtUA4BfwlYoFlSedavS+vURz9tNekd44g==",
        "dependencies": {
          "System.Memory": "4.5.2",
          "System.Runtime.CompilerServices.Unsafe": "4.7.1"
        }
      },
      "Microsoft.IdentityModel.JsonWebTokens": {
        "type": "Transitive",
        "resolved": "5.5.0",
        "contentHash": "cT9SCW/dN+ulrvAtbh37c36DR6aArENH3S4UtFmvXRx+VGC0ArDgzRaEbEh+ChS4koxdl2oS691250iZhgKvwg==",
        "dependencies": {
          "Microsoft.IdentityModel.Tokens": "5.5.0",
          "Newtonsoft.Json": "10.0.1"
        }
      },
      "Microsoft.IdentityModel.Logging": {
        "type": "Transitive",
        "resolved": "5.5.0",
        "contentHash": "1w/Hz/7+al+ugQn+6y0tAPmpN8U0u1aBtl1QXYCVkiJfbCC4tgyroFOuhdztOq48rgeM+3JW9bGqOtkfVurW8w=="
      },
      "Microsoft.IdentityModel.Protocols": {
        "type": "Transitive",
        "resolved": "5.5.0",
        "contentHash": "m1gwAQwZjUxzRBC+4H40vYSo9Cms9yUbMdW492rQoXHU77G/ItiKxpk2+W9bWYcdsKUDKudye7im3T3MlVxEkg==",
        "dependencies": {
          "Microsoft.IdentityModel.Logging": "5.5.0",
          "Microsoft.IdentityModel.Tokens": "5.5.0"
        }
      },
      "Microsoft.IdentityModel.Protocols.OpenIdConnect": {
        "type": "Transitive",
        "resolved": "5.5.0",
        "contentHash": "21F4QlbaD5CXNs2urNRCO6vljbbrhv3gmGT8P18SKGKZ9IYBCn29extoJriHiPfhABd5b8S7RcdKU50XhERkYg==",
        "dependencies": {
          "Microsoft.IdentityModel.Protocols": "5.5.0",
          "Newtonsoft.Json": "10.0.1",
          "System.IdentityModel.Tokens.Jwt": "5.5.0"
        }
      },
      "Microsoft.IdentityModel.Tokens": {
        "type": "Transitive",
        "resolved": "5.5.0",
        "contentHash": "cu1klZiuCwVYbXHs0QdnseuoRGG1/85VX9d1Sk0vbJlKp+HJUN/4pAS/fe2m9bTOYyIPdeCHeksMiVHgo1EfAA==",
        "dependencies": {
          "Microsoft.IdentityModel.Logging": "5.5.0",
          "Newtonsoft.Json": "10.0.1",
          "System.Security.Cryptography.Cng": "4.5.0"
        }
      },
      "Microsoft.IO.RecyclableMemoryStream": {
        "type": "Transitive",
        "resolved": "1.2.2",
        "contentHash": "LA4RBTStohA0hAAs6oKchmIC5M5Mjd5MwfB7vbbl+312N5kXj8abTGOgwZy6ASJYLCiqiiK5kHS0hDGEgfkB8g=="
      },
      "Microsoft.NETCore.Platforms": {
        "type": "Transitive",
        "resolved": "3.0.0",
        "contentHash": "TsETIgVJb/AKoYfSP+iCxkuly5d3inZjTdx/ItZLk2CxY85v8083OBS3uai84kK3/baLnS5/b5XGs6zR7SuuHQ=="
      },
      "Microsoft.NETCore.Targets": {
        "type": "Transitive",
        "resolved": "1.1.3",
        "contentHash": "3Wrmi0kJDzClwAC+iBdUBpEKmEle8FQNsCs77fkiOIw/9oYA07bL1EZNX0kQ2OMN3xpwvl0vAtOCYY3ndDNlhQ=="
      },
      "Microsoft.Win32.SystemEvents": {
        "type": "Transitive",
        "resolved": "4.6.0",
        "contentHash": "Edg+pFW5C8WJb680Za2kTV8TqUi6Ahl/WldRVoOVJ23UQLpDHFspa+umgFjkWZw24ETsU99Cg+ErZz683M4chg==",
        "dependencies": {
          "Microsoft.NETCore.Platforms": "3.0.0"
        }
      },
      "NETStandard.Library": {
        "type": "Transitive",
        "resolved": "2.0.0",
        "contentHash": "7jnbRU+L08FXKMxqUflxEXtVymWvNOrS8yHgu9s6EM8Anr6T/wIX4nZ08j/u3Asz+tCufp3YVwFSEvFTPYmBPA==",
        "dependencies": {
          "Microsoft.NETCore.Platforms": "1.1.0"
        }
      },
      "Newtonsoft.Json": {
        "type": "Transitive",
        "resolved": "12.0.3",
        "contentHash": "6mgjfnRB4jKMlzHSl+VD+oUc1IebOZabkbyWj2RiTgWwYPPuaK1H97G1sHqGwPlS5npiF5Q0OrxN1wni2n5QWg=="
      },
      "Ply": {
        "type": "Transitive",
        "resolved": "0.3.1",
        "contentHash": "+Jtg/ID8isRXdvB0/vpsuSpzrLY33rYtzSscdfijOaXqRqzVdah08ljpOZhQPKuid4JRX3RRzxNqc1p8azZbbg==",
        "dependencies": {
          "FSharp.Core": "4.6.2",
          "System.Threading.Tasks.Extensions": "4.5.4"
        }
      },
      "System.Collections": {
        "type": "Transitive",
        "resolved": "4.3.0",
        "contentHash": "3Dcj85/TBdVpL5Zr+gEEBUuFe2icOnLalmEh9hfck1PTYbbyWuZgh4fmm2ysCLTrqLQw6t3TgTyJ+VLp+Qb+Lw==",
        "dependencies": {
          "Microsoft.NETCore.Platforms": "1.1.0",
          "Microsoft.NETCore.Targets": "1.1.0",
          "System.Runtime": "4.3.0"
        }
      },
      "System.Collections.Concurrent": {
        "type": "Transitive",
        "resolved": "4.3.0",
        "contentHash": "ztl69Xp0Y/UXCL+3v3tEU+lIy+bvjKNUmopn1wep/a291pVPK7dxBd6T7WnlQqRog+d1a/hSsgRsmFnIBKTPLQ==",
        "dependencies": {
          "System.Collections": "4.3.0",
          "System.Diagnostics.Debug": "4.3.0",
          "System.Diagnostics.Tracing": "4.3.0",
          "System.Globalization": "4.3.0",
          "System.Reflection": "4.3.0",
          "System.Resources.ResourceManager": "4.3.0",
          "System.Runtime": "4.3.0",
          "System.Runtime.Extensions": "4.3.0",
          "System.Threading": "4.3.0",
          "System.Threading.Tasks": "4.3.0"
        }
      },
      "System.Collections.Immutable": {
        "type": "Transitive",
        "resolved": "1.7.1",
        "contentHash": "B43Zsz5EfMwyEbnObwRxW5u85fzJma3lrDeGcSAV1qkhSRTNY5uXAByTn9h9ddNdhM+4/YoLc/CI43umjwIl9Q=="
      },
      "System.Collections.NonGeneric": {
        "type": "Transitive",
        "resolved": "4.3.0",
        "contentHash": "prtjIEMhGUnQq6RnPEYLpFt8AtLbp9yq2zxOSrY7KJJZrw25Fi97IzBqY7iqssbM61Ek5b8f3MG/sG1N2sN5KA==",
        "dependencies": {
          "System.Diagnostics.Debug": "4.3.0",
          "System.Globalization": "4.3.0",
          "System.Resources.ResourceManager": "4.3.0",
          "System.Runtime": "4.3.0",
          "System.Runtime.Extensions": "4.3.0",
          "System.Threading": "4.3.0"
        }
      },
      "System.ComponentModel.Annotations": {
        "type": "Transitive",
        "resolved": "4.7.0",
        "contentHash": "0YFqjhp/mYkDGpU0Ye1GjE53HMp9UVfGN7seGpAMttAC0C40v5gw598jCgpbBLMmCo0E5YRLBv5Z2doypO49ZQ=="
      },
      "System.Configuration.ConfigurationManager": {
        "type": "Transitive",
        "resolved": "4.6.0",
        "contentHash": "gkNklXxdmB3r4SQTUzRhESZAb3MotgDz24XYi2R/bIjJ10SF0KHJ/qTEwi9CLyIAOTjmCo8Vx8+rKldLaiW7Ig==",
        "dependencies": {
          "System.Security.Cryptography.ProtectedData": "4.6.0",
          "System.Security.Permissions": "4.6.0"
        }
      },
      "System.Data.Common": {
        "type": "Transitive",
        "resolved": "4.3.0",
        "contentHash": "lm6E3T5u7BOuEH0u18JpbJHxBfOJPuCyl4Kg1RH10ktYLp5uEEE1xKrHW56/We4SnZpGAuCc9N0MJpSDhTHZGQ==",
        "dependencies": {
          "System.Collections": "4.3.0",
          "System.Globalization": "4.3.0",
          "System.IO": "4.3.0",
          "System.Resources.ResourceManager": "4.3.0",
          "System.Runtime": "4.3.0",
          "System.Runtime.Extensions": "4.3.0",
          "System.Text.RegularExpressions": "4.3.0",
          "System.Threading.Tasks": "4.3.0"
        }
      },
      "System.Data.HashFunction.Core": {
        "type": "Transitive",
        "resolved": "2.0.0",
        "contentHash": "EOb5GB6QTumYBvl0P/uL1m8hVkUwdwnIiwYPzfRKn+zZPtVkruyOrl/cMnNOGRny68xkswvOSo9NytWoR/6ABw==",
        "dependencies": {
          "NETStandard.Library": "1.6.1",
          "System.Data.HashFunction.Interfaces": "2.0.0",
          "System.Runtime.Numerics": "4.3.0"
        }
      },
      "System.Data.HashFunction.Interfaces": {
        "type": "Transitive",
        "resolved": "2.0.0",
        "contentHash": "ESxg15JHcRWXfRgzVUF8FhRZ1xAuXo6zgaL4kCdB9DV2cnrAwRGiycCMlMsfOLXOMrkHZZbcBuKlO8pyxDCCOg==",
        "dependencies": {
          "NETStandard.Library": "1.6.1"
        }
      },
      "System.Diagnostics.Debug": {
        "type": "Transitive",
        "resolved": "4.3.0",
        "contentHash": "ZUhUOdqmaG5Jk3Xdb8xi5kIyQYAA4PnTNlHx1mu9ZY3qv4ELIdKbnL/akbGaKi2RnNUWaZsAs31rvzFdewTj2g==",
        "dependencies": {
          "Microsoft.NETCore.Platforms": "1.1.0",
          "Microsoft.NETCore.Targets": "1.1.0",
          "System.Runtime": "4.3.0"
        }
      },
      "System.Diagnostics.DiagnosticSource": {
        "type": "Transitive",
        "resolved": "4.7.1",
        "contentHash": "j81Lovt90PDAq8kLpaJfJKV/rWdWuEk6jfV+MBkee33vzYLEUsy4gXK8laa9V2nZlLM9VM9yA/OOQxxPEJKAMw=="
      },
      "System.Diagnostics.Tracing": {
        "type": "Transitive",
        "resolved": "4.3.0",
        "contentHash": "rswfv0f/Cqkh78rA5S8eN8Neocz234+emGCtTF3lxPY96F+mmmUen6tbn0glN6PMvlKQb9bPAY5e9u7fgPTkKw==",
        "dependencies": {
          "Microsoft.NETCore.Platforms": "1.1.0",
          "Microsoft.NETCore.Targets": "1.1.0",
          "System.Runtime": "4.3.0"
        }
      },
      "System.Drawing.Common": {
        "type": "Transitive",
        "resolved": "4.6.0",
        "contentHash": "2A3spjjoPZnvpVh/sDTzd+0H8ZqTdr+hH/6obB8MMfG81EJ85PmxCKDBxhBVQiA25PliKAZ1sKogDcq9mSnFEA==",
        "dependencies": {
          "Microsoft.NETCore.Platforms": "3.0.0",
          "Microsoft.Win32.SystemEvents": "4.6.0"
        }
      },
      "System.Globalization": {
        "type": "Transitive",
        "resolved": "4.3.0",
        "contentHash": "kYdVd2f2PAdFGblzFswE4hkNANJBKRmsfa2X5LG2AcWE1c7/4t0pYae1L8vfZ5xvE2nK/R9JprtToA61OSHWIg==",
        "dependencies": {
          "Microsoft.NETCore.Platforms": "1.1.0",
          "Microsoft.NETCore.Targets": "1.1.0",
          "System.Runtime": "4.3.0"
        }
      },
      "System.IdentityModel.Tokens.Jwt": {
        "type": "Transitive",
        "resolved": "5.5.0",
        "contentHash": "xa8kptJ+uf9hzj366f3pLcs5HFZ6dQMDKzEGq/yZNF0s3mVfyIhuQwgDcTJlAU4AROne/6Z5+vITwrW3gVNKIA==",
        "dependencies": {
          "Microsoft.IdentityModel.JsonWebTokens": "5.5.0",
          "Microsoft.IdentityModel.Tokens": "5.5.0",
          "Newtonsoft.Json": "10.0.1"
        }
      },
      "System.IO": {
        "type": "Transitive",
        "resolved": "4.3.0",
        "contentHash": "3qjaHvxQPDpSOYICjUoTsmoq5u6QJAFRUITgeT/4gqkF1bajbSmb1kwSxEA8AHlofqgcKJcM8udgieRNhaJ5Cg==",
        "dependencies": {
          "Microsoft.NETCore.Platforms": "1.1.0",
          "Microsoft.NETCore.Targets": "1.1.0",
          "System.Runtime": "4.3.0",
          "System.Text.Encoding": "4.3.0",
          "System.Threading.Tasks": "4.3.0"
        }
      },
      "System.IO.FileSystem": {
        "type": "Transitive",
        "resolved": "4.3.0",
        "contentHash": "3wEMARTnuio+ulnvi+hkRNROYwa1kylvYahhcLk4HSoVdl+xxTFVeVlYOfLwrDPImGls0mDqbMhrza8qnWPTdA==",
        "dependencies": {
          "Microsoft.NETCore.Platforms": "1.1.0",
          "Microsoft.NETCore.Targets": "1.1.0",
          "System.IO": "4.3.0",
          "System.IO.FileSystem.Primitives": "4.3.0",
          "System.Runtime": "4.3.0",
          "System.Runtime.Handles": "4.3.0",
          "System.Text.Encoding": "4.3.0",
          "System.Threading.Tasks": "4.3.0"
        }
      },
      "System.IO.FileSystem.Primitives": {
        "type": "Transitive",
        "resolved": "4.3.0",
        "contentHash": "6QOb2XFLch7bEc4lIcJH49nJN2HV+OC3fHDgsLVsBVBk3Y4hFAnOBGzJ2lUu7CyDDFo9IBWkSsnbkT6IBwwiMw==",
        "dependencies": {
          "System.Runtime": "4.3.0"
        }
      },
      "System.Linq": {
        "type": "Transitive",
        "resolved": "4.3.0",
        "contentHash": "5DbqIUpsDp0dFftytzuMmc0oeMdQwjcP/EWxsksIz/w1TcFRkZ3yKKz0PqiYFMmEwPSWw+qNVqD7PJ889JzHbw==",
        "dependencies": {
          "System.Collections": "4.3.0",
          "System.Diagnostics.Debug": "4.3.0",
          "System.Resources.ResourceManager": "4.3.0",
          "System.Runtime": "4.3.0",
          "System.Runtime.Extensions": "4.3.0"
        }
      },
      "System.Linq.Async": {
        "type": "Transitive",
        "resolved": "4.1.1",
        "contentHash": "+MYrr8Jz8ayKhOJrqh+9EH4y2qcKYUehxKXE3j4IG5to4FlXz6HF0CgBUtYqrcbW5uOaCEUoZ+SVnp4dEIAi6Q=="
      },
      "System.Linq.Expressions": {
        "type": "Transitive",
        "resolved": "4.3.0",
        "contentHash": "PGKkrd2khG4CnlyJwxwwaWWiSiWFNBGlgXvJpeO0xCXrZ89ODrQ6tjEWS/kOqZ8GwEOUATtKtzp1eRgmYNfclg==",
        "dependencies": {
          "System.Collections": "4.3.0",
          "System.Diagnostics.Debug": "4.3.0",
          "System.Globalization": "4.3.0",
          "System.IO": "4.3.0",
          "System.Linq": "4.3.0",
          "System.ObjectModel": "4.3.0",
          "System.Reflection": "4.3.0",
          "System.Reflection.Emit": "4.3.0",
          "System.Reflection.Emit.ILGeneration": "4.3.0",
          "System.Reflection.Emit.Lightweight": "4.3.0",
          "System.Reflection.Extensions": "4.3.0",
          "System.Reflection.Primitives": "4.3.0",
          "System.Reflection.TypeExtensions": "4.3.0",
          "System.Resources.ResourceManager": "4.3.0",
          "System.Runtime": "4.3.0",
          "System.Runtime.Extensions": "4.3.0",
          "System.Threading": "4.3.0"
        }
      },
      "System.Linq.Queryable": {
        "type": "Transitive",
        "resolved": "4.3.0",
        "contentHash": "In1Bmmvl/j52yPu3xgakQSI0YIckPUr870w4K5+Lak3JCCa8hl+my65lABOuKfYs4ugmZy25ScFerC4nz8+b6g==",
        "dependencies": {
          "System.Collections": "4.3.0",
          "System.Diagnostics.Debug": "4.3.0",
          "System.Linq": "4.3.0",
          "System.Linq.Expressions": "4.3.0",
          "System.Reflection": "4.3.0",
          "System.Reflection.Extensions": "4.3.0",
          "System.Resources.ResourceManager": "4.3.0",
          "System.Runtime": "4.3.0"
        }
      },
      "System.Memory": {
        "type": "Transitive",
        "resolved": "4.5.2",
        "contentHash": "fvq1GNmUFwbKv+aLVYYdgu/+gc8Nu9oFujOxIjPrsf+meis9JBzTPDL6aP/eeGOz9yPj6rRLUbOjKMpsMEWpNg=="
      },
      "System.ObjectModel": {
        "type": "Transitive",
        "resolved": "4.3.0",
        "contentHash": "bdX+80eKv9bN6K4N+d77OankKHGn6CH711a6fcOpMQu2Fckp/Ft4L/kW9WznHpyR0NRAvJutzOMHNNlBGvxQzQ==",
        "dependencies": {
          "System.Collections": "4.3.0",
          "System.Diagnostics.Debug": "4.3.0",
          "System.Resources.ResourceManager": "4.3.0",
          "System.Runtime": "4.3.0",
          "System.Threading": "4.3.0"
        }
      },
      "System.Reflection": {
        "type": "Transitive",
        "resolved": "4.3.0",
        "contentHash": "KMiAFoW7MfJGa9nDFNcfu+FpEdiHpWgTcS2HdMpDvt9saK3y/G4GwprPyzqjFH9NTaGPQeWNHU+iDlDILj96aQ==",
        "dependencies": {
          "Microsoft.NETCore.Platforms": "1.1.0",
          "Microsoft.NETCore.Targets": "1.1.0",
          "System.IO": "4.3.0",
          "System.Reflection.Primitives": "4.3.0",
          "System.Runtime": "4.3.0"
        }
      },
      "System.Reflection.Emit": {
        "type": "Transitive",
        "resolved": "4.6.0",
        "contentHash": "qAo4jyXtC9i71iElngX7P2r+zLaiHzxKwf66sc3X91tL5Ks6fnQ1vxL04o7ZSm3sYfLExySL7GN8aTpNYpU1qw=="
      },
      "System.Reflection.Emit.ILGeneration": {
        "type": "Transitive",
        "resolved": "4.3.0",
        "contentHash": "59tBslAk9733NXLrUJrwNZEzbMAcu8k344OYo+wfSVygcgZ9lgBdGIzH/nrg3LYhXceynyvTc8t5/GD4Ri0/ng==",
        "dependencies": {
          "System.Reflection": "4.3.0",
          "System.Reflection.Primitives": "4.3.0",
          "System.Runtime": "4.3.0"
        }
      },
      "System.Reflection.Emit.Lightweight": {
        "type": "Transitive",
        "resolved": "4.3.0",
        "contentHash": "oadVHGSMsTmZsAF864QYN1t1QzZjIcuKU3l2S9cZOwDdDueNTrqq1yRj7koFfIGEnKpt6NjpL3rOzRhs4ryOgA==",
        "dependencies": {
          "System.Reflection": "4.3.0",
          "System.Reflection.Emit.ILGeneration": "4.3.0",
          "System.Reflection.Primitives": "4.3.0",
          "System.Runtime": "4.3.0"
        }
      },
      "System.Reflection.Extensions": {
        "type": "Transitive",
        "resolved": "4.3.0",
        "contentHash": "rJkrJD3kBI5B712aRu4DpSIiHRtr6QlfZSQsb0hYHrDCZORXCFjQfoipo2LaMUHoT9i1B7j7MnfaEKWDFmFQNQ==",
        "dependencies": {
          "Microsoft.NETCore.Platforms": "1.1.0",
          "Microsoft.NETCore.Targets": "1.1.0",
          "System.Reflection": "4.3.0",
          "System.Runtime": "4.3.0"
        }
      },
      "System.Reflection.Primitives": {
        "type": "Transitive",
        "resolved": "4.3.0",
        "contentHash": "5RXItQz5As4xN2/YUDxdpsEkMhvw3e6aNveFXUn4Hl/udNTCNhnKp8lT9fnc3MhvGKh1baak5CovpuQUXHAlIA==",
        "dependencies": {
          "Microsoft.NETCore.Platforms": "1.1.0",
          "Microsoft.NETCore.Targets": "1.1.0",
          "System.Runtime": "4.3.0"
        }
      },
      "System.Reflection.TypeExtensions": {
        "type": "Transitive",
        "resolved": "4.6.0",
        "contentHash": "QdTazwZFwrbACRQz1nV2PBqQCDAG+Wfat3dNBiuDp3JjIZo+SsKGLkSK0hc3+pdprRNKZl59HP3LM4DwDdt0LA=="
      },
      "System.Resources.ResourceManager": {
        "type": "Transitive",
        "resolved": "4.3.0",
        "contentHash": "/zrcPkkWdZmI4F92gL/TPumP98AVDu/Wxr3CSJGQQ+XN6wbRZcyfSKVoPo17ilb3iOr0cCRqJInGwNMolqhS8A==",
        "dependencies": {
          "Microsoft.NETCore.Platforms": "1.1.0",
          "Microsoft.NETCore.Targets": "1.1.0",
          "System.Globalization": "4.3.0",
          "System.Reflection": "4.3.0",
          "System.Runtime": "4.3.0"
        }
      },
      "System.Runtime": {
        "type": "Transitive",
        "resolved": "4.3.1",
        "contentHash": "abhfv1dTK6NXOmu4bgHIONxHyEqFjW8HwXPmpY9gmll+ix9UNo4XDcmzJn6oLooftxNssVHdJC1pGT9jkSynQg==",
        "dependencies": {
          "Microsoft.NETCore.Platforms": "1.1.1",
          "Microsoft.NETCore.Targets": "1.1.3"
        }
      },
      "System.Runtime.CompilerServices.Unsafe": {
        "type": "Transitive",
        "resolved": "4.7.1",
        "contentHash": "zOHkQmzPCn5zm/BH+cxC1XbUS3P4Yoi3xzW7eRgVpDR2tPGSzyMZ17Ig1iRkfJuY0nhxkQQde8pgePNiA7z7TQ=="
      },
      "System.Runtime.Extensions": {
        "type": "Transitive",
        "resolved": "4.3.0",
        "contentHash": "guW0uK0fn5fcJJ1tJVXYd7/1h5F+pea1r7FLSOz/f8vPEqbR2ZAknuRDvTQ8PzAilDveOxNjSfr0CHfIQfFk8g==",
        "dependencies": {
          "Microsoft.NETCore.Platforms": "1.1.0",
          "Microsoft.NETCore.Targets": "1.1.0",
          "System.Runtime": "4.3.0"
        }
      },
      "System.Runtime.Handles": {
        "type": "Transitive",
        "resolved": "4.3.0",
        "contentHash": "OKiSUN7DmTWeYb3l51A7EYaeNMnvxwE249YtZz7yooT4gOZhmTjIn48KgSsw2k2lYdLgTKNJw/ZIfSElwDRVgg==",
        "dependencies": {
          "Microsoft.NETCore.Platforms": "1.1.0",
          "Microsoft.NETCore.Targets": "1.1.0",
          "System.Runtime": "4.3.0"
        }
      },
      "System.Runtime.InteropServices": {
        "type": "Transitive",
        "resolved": "4.3.0",
        "contentHash": "uv1ynXqiMK8mp1GM3jDqPCFN66eJ5w5XNomaK2XD+TuCroNTLFGeZ+WCmBMcBDyTFKou3P6cR6J/QsaqDp7fGQ==",
        "dependencies": {
          "Microsoft.NETCore.Platforms": "1.1.0",
          "Microsoft.NETCore.Targets": "1.1.0",
          "System.Reflection": "4.3.0",
          "System.Reflection.Primitives": "4.3.0",
          "System.Runtime": "4.3.0",
          "System.Runtime.Handles": "4.3.0"
        }
      },
      "System.Runtime.Numerics": {
        "type": "Transitive",
        "resolved": "4.3.0",
        "contentHash": "yMH+MfdzHjy17l2KESnPiF2dwq7T+xLnSJar7slyimAkUh/gTrS9/UQOtv7xarskJ2/XDSNvfLGOBQPjL7PaHQ==",
        "dependencies": {
          "System.Globalization": "4.3.0",
          "System.Resources.ResourceManager": "4.3.0",
          "System.Runtime": "4.3.0",
          "System.Runtime.Extensions": "4.3.0"
        }
      },
      "System.Security.AccessControl": {
        "type": "Transitive",
        "resolved": "4.6.0",
        "contentHash": "gmlk6khICtVhiUnVBBtlsH0H/5QFDqhTZgtpp3AX14wWE6OIE+BX95NLD+X4AolXnIy/oXpNNmXYnsNfW1KuDQ==",
        "dependencies": {
          "Microsoft.NETCore.Platforms": "3.0.0",
          "System.Security.Principal.Windows": "4.6.0"
        }
      },
      "System.Security.Cryptography.Cng": {
        "type": "Transitive",
        "resolved": "4.5.0",
        "contentHash": "WG3r7EyjUe9CMPFSs6bty5doUqT+q9pbI80hlNzo2SkPkZ4VTuZkGWjpp77JB8+uaL4DFPRdBsAY+DX3dBK92A=="
      },
      "System.Security.Cryptography.ProtectedData": {
        "type": "Transitive",
        "resolved": "4.6.0",
        "contentHash": "zdCsTOakmbAQVyOI6+ZadvXZgzSiFiY5nXAfGUQNGrz3ofc9sjehpXRvqYb3vWUsvloYFILSpiQCjiZVFKRBjA=="
      },
      "System.Security.Permissions": {
        "type": "Transitive",
        "resolved": "4.6.0",
        "contentHash": "W3Uxog9KCZAmGYsOFHgJnb7L2q+SDbxS3vGnFHmErUnXuIjWYpIh1KVTlua7qmPdrlRCkAcTF9dImv+jciBPOQ==",
        "dependencies": {
          "System.Security.AccessControl": "4.6.0",
          "System.Windows.Extensions": "4.6.0"
        }
      },
      "System.Security.Principal.Windows": {
        "type": "Transitive",
        "resolved": "4.6.0",
        "contentHash": "Mdukseovp0YIGaz16FMH6nbfgZkrCFOJbtXQptv0aeBO9h775Ilb9+TDwLVTKikoW7y7CY7lpoXl9zmZ5G3ndA=="
      },
      "System.Text.Encoding": {
        "type": "Transitive",
        "resolved": "4.3.0",
        "contentHash": "BiIg+KWaSDOITze6jGQynxg64naAPtqGHBwDrLaCtixsa5bKiR8dpPOHA7ge3C0JJQizJE+sfkz1wV+BAKAYZw==",
        "dependencies": {
          "Microsoft.NETCore.Platforms": "1.1.0",
          "Microsoft.NETCore.Targets": "1.1.0",
          "System.Runtime": "4.3.0"
        }
      },
      "System.Text.Encoding.Extensions": {
        "type": "Transitive",
        "resolved": "4.3.0",
        "contentHash": "YVMK0Bt/A43RmwizJoZ22ei2nmrhobgeiYwFzC4YAN+nue8RF6djXDMog0UCn+brerQoYVyaS+ghy9P/MUVcmw==",
        "dependencies": {
          "Microsoft.NETCore.Platforms": "1.1.0",
          "Microsoft.NETCore.Targets": "1.1.0",
          "System.Runtime": "4.3.0",
          "System.Text.Encoding": "4.3.0"
        }
      },
      "System.Text.RegularExpressions": {
        "type": "Transitive",
        "resolved": "4.3.1",
        "contentHash": "N0kNRrWe4+nXOWlpLT4LAY5brb8caNFlUuIRpraCVMDLYutKkol1aV079rQjLuSxKMJT2SpBQsYX9xbcTMmzwg==",
        "dependencies": {
          "System.Runtime": "4.3.1"
        }
      },
      "System.Threading": {
        "type": "Transitive",
        "resolved": "4.3.0",
        "contentHash": "VkUS0kOBcUf3Wwm0TSbrevDDZ6BlM+b/HRiapRFWjM5O0NS0LviG0glKmFK+hhPDd1XFeSdU1GmlLhb2CoVpIw==",
        "dependencies": {
          "System.Runtime": "4.3.0",
          "System.Threading.Tasks": "4.3.0"
        }
      },
      "System.Threading.Tasks": {
        "type": "Transitive",
        "resolved": "4.3.0",
        "contentHash": "LbSxKEdOUhVe8BezB/9uOGGppt+nZf6e1VFyw6v3DN6lqitm0OSn2uXMOdtP0M3W4iMcqcivm2J6UgqiwwnXiA==",
        "dependencies": {
          "Microsoft.NETCore.Platforms": "1.1.0",
          "Microsoft.NETCore.Targets": "1.1.0",
          "System.Runtime": "4.3.0"
        }
      },
      "System.Threading.Tasks.Extensions": {
        "type": "Transitive",
        "resolved": "4.5.4",
        "contentHash": "zteT+G8xuGu6mS+mzDzYXbzS7rd3K6Fjb9RiZlYlJPam2/hU7JCBZBVEcywNuR+oZ1ncTvc/cq0faRr3P01OVg=="
      },
      "System.ValueTuple": {
        "type": "Transitive",
        "resolved": "4.5.0",
        "contentHash": "okurQJO6NRE/apDIP23ajJ0hpiNmJ+f0BwOlB/cSqTLQlw5upkf+5+96+iG2Jw40G1fCVCyPz/FhIABUjMR+RQ=="
      },
      "System.Windows.Extensions": {
        "type": "Transitive",
        "resolved": "4.6.0",
        "contentHash": "GL4izk0KgeyXklUOHViAk7y1IOYVYcn8nDpJZgcCqNzTGv2xd+8rgGgMKMo8G9nvfEuRCrNxWnGc74EiuYH2YA==",
        "dependencies": {
          "System.Drawing.Common": "4.6.0"
        }
      },
      "System.Xml.ReaderWriter": {
        "type": "Transitive",
        "resolved": "4.3.0",
        "contentHash": "GrprA+Z0RUXaR4N7/eW71j1rgMnEnEVlgii49GZyAjTH7uliMnrOU3HNFBr6fEDBCJCIdlVNq9hHbaDR621XBA==",
        "dependencies": {
          "System.Collections": "4.3.0",
          "System.Diagnostics.Debug": "4.3.0",
          "System.Globalization": "4.3.0",
          "System.IO": "4.3.0",
          "System.IO.FileSystem": "4.3.0",
          "System.IO.FileSystem.Primitives": "4.3.0",
          "System.Resources.ResourceManager": "4.3.0",
          "System.Runtime": "4.3.0",
          "System.Runtime.Extensions": "4.3.0",
          "System.Runtime.InteropServices": "4.3.0",
          "System.Text.Encoding": "4.3.0",
          "System.Text.Encoding.Extensions": "4.3.0",
          "System.Text.RegularExpressions": "4.3.0",
          "System.Threading.Tasks": "4.3.0",
          "System.Threading.Tasks.Extensions": "4.3.0"
        }
      },
      "System.Xml.XmlDocument": {
        "type": "Transitive",
        "resolved": "4.3.0",
        "contentHash": "lJ8AxvkX7GQxpC6GFCeBj8ThYVyQczx2+f/cWHJU8tjS7YfI6Cv6bon70jVEgs2CiFbmmM8b9j1oZVx0dSI2Ww==",
        "dependencies": {
          "System.Collections": "4.3.0",
          "System.Diagnostics.Debug": "4.3.0",
          "System.Globalization": "4.3.0",
          "System.IO": "4.3.0",
          "System.Resources.ResourceManager": "4.3.0",
          "System.Runtime": "4.3.0",
          "System.Runtime.Extensions": "4.3.0",
          "System.Text.Encoding": "4.3.0",
          "System.Threading": "4.3.0",
          "System.Xml.ReaderWriter": "4.3.0"
        }
      },
      "System.Xml.XmlSerializer": {
        "type": "Transitive",
        "resolved": "4.3.0",
        "contentHash": "MYoTCP7EZ98RrANESW05J5ZwskKDoN0AuZ06ZflnowE50LTpbR5yRg3tHckTVm5j/m47stuGgCrCHWePyHS70Q==",
        "dependencies": {
          "System.Collections": "4.3.0",
          "System.Globalization": "4.3.0",
          "System.IO": "4.3.0",
          "System.Linq": "4.3.0",
          "System.Reflection": "4.3.0",
          "System.Reflection.Emit": "4.3.0",
          "System.Reflection.Emit.ILGeneration": "4.3.0",
          "System.Reflection.Extensions": "4.3.0",
          "System.Reflection.Primitives": "4.3.0",
          "System.Reflection.TypeExtensions": "4.3.0",
          "System.Resources.ResourceManager": "4.3.0",
          "System.Runtime": "4.3.0",
          "System.Runtime.Extensions": "4.3.0",
          "System.Text.RegularExpressions": "4.3.0",
          "System.Threading": "4.3.0",
          "System.Xml.ReaderWriter": "4.3.0",
          "System.Xml.XmlDocument": "4.3.0"
        }
      },
      "System.Xml.XPath": {
        "type": "Transitive",
        "resolved": "4.3.0",
        "contentHash": "v1JQ5SETnQusqmS3RwStF7vwQ3L02imIzl++sewmt23VGygix04pEH+FCj1yWb+z4GDzKiljr1W7Wfvrx0YwgA==",
        "dependencies": {
          "System.Collections": "4.3.0",
          "System.Diagnostics.Debug": "4.3.0",
          "System.Globalization": "4.3.0",
          "System.IO": "4.3.0",
          "System.Resources.ResourceManager": "4.3.0",
          "System.Runtime": "4.3.0",
          "System.Runtime.Extensions": "4.3.0",
          "System.Threading": "4.3.0",
          "System.Xml.ReaderWriter": "4.3.0"
        }
      },
      "TaskBuilder.fs": {
        "type": "Transitive",
        "resolved": "2.1.0",
        "contentHash": "SBL6WjMQjc3bxY4lDtw1h7dM+CDbE9Gt1czsaaSDgPzJQYq+bkDXfwI/QXFKHMtisGKXjkDVAVNxS/gQRE44eA==",
        "dependencies": {
          "FSharp.Core": "4.1.17",
          "NETStandard.Library": "1.6.1",
          "System.ValueTuple": "4.4.0"
        }
      },
      "Utf8Json": {
        "type": "Transitive",
        "resolved": "1.3.7",
        "contentHash": "lMTNZWp6a6KGkgMc3rW41D3b0REb03fQycfb/2bNBpiUtsbGYYI/LrAhnX52vrHRe4ze7JxbtpWF1Y5ohdpipQ==",
        "dependencies": {
          "System.Reflection.Emit": "4.3.0",
          "System.Reflection.Emit.Lightweight": "4.3.0",
          "System.Threading.Tasks.Extensions": "4.4.0",
          "System.ValueTuple": "4.4.0"
        }
      },
      "YamlDotNet": {
        "type": "Transitive",
        "resolved": "8.1.2",
        "contentHash": "GlPKbb4l+91dyYVKV7UnJlr2CWooNNM1ayZWC90QAmlFPgbwSkfhgId7dGjTAHqkB84BZqjMSy5PlAYf1iejVA=="
      },
      "Z.EntityFramework.Extensions.EFCore": {
        "type": "Transitive",
        "resolved": "3.0.89",
        "contentHash": "KKjkzrrJi9pKlaIGonOFIGVsRZfFjZGXZu1HPiYvw9tMfxche9mlIbsaq0xcBxSOuvEiHOtbkLAU+rWRJ+k8Ow==",
        "dependencies": {
          "Microsoft.CSharp": "4.6.0",
          "Microsoft.EntityFrameworkCore.Relational": "3.0.0",
          "Newtonsoft.Json": "10.0.2",
          "System.Configuration.ConfigurationManager": "4.6.0",
          "System.Reflection.Emit": "4.6.0",
          "System.Reflection.TypeExtensions": "4.6.0"
        }
      },
      "Z.Expressions.Eval": {
        "type": "Transitive",
        "resolved": "4.0.12",
        "contentHash": "EKv3OiacL+I5SvqGvnylhb5/I3w3luo4bNPJbADeiq8dClS+ij5Bnj39adnj10Ma3G9l5EwKCqr1aJKARwhW1A==",
        "dependencies": {
          "Microsoft.CSharp": "4.5.0",
          "Microsoft.Extensions.Caching.Memory": "2.0.0",
          "NETStandard.Library": "2.0.0",
          "Newtonsoft.Json": "11.0.2",
          "System.Collections.Concurrent": "4.3.0",
          "System.Collections.NonGeneric": "4.3.0",
          "System.Configuration.ConfigurationManager": "4.5.0",
          "System.Data.Common": "4.3.0",
          "System.Linq.Queryable": "4.3.0",
          "System.Reflection.Emit": "4.3.0",
          "System.Reflection.TypeExtensions": "4.5.0",
          "System.Xml.XPath": "4.3.0"
        }
      },
      "fundbschema": {
        "type": "Project",
        "dependencies": {
          "Microsoft.EntityFrameworkCore": "3.1.0",
          "Microsoft.EntityFrameworkCore.Relational": "3.1.0",
          "Npgsql": "4.1.0",
          "System.Linq.Async": "4.1.0"
        }
      },
      "funutils": {
        "type": "Project",
        "dependencies": {
          "FSharp.Core": "4.7.2",
          "Newtonsoft.Json": "12.0.0",
          "Ply": "0.3.0",
          "YamlDotNet": "8.1.0"
        }
      }
    }
  }
}