{
  "version": 1,
  "dependencies": {
    "net7.0": {
      "FSharp.Core": {
        "type": "Direct",
        "requested": "[7.0.300, )",
        "resolved": "7.0.300",
        "contentHash": "8vvItREJ1l5lcp3vBCSJ1mFevVAhR48I34DuF/EoUa7o1KlFpQpagyuZkVYMAsHPIjdp47ZxM9sI4eqeXaeWkA=="
      },
      "FSharpPlus": {
        "type": "Direct",
        "requested": "[1.4.*, )",
        "resolved": "1.4.1",
        "contentHash": "LIIWzVytD3cHx4CG95oTWdQx2dwjWeoseZrN6h/2rXeE5bZ7vtBBojAg0iMIMi1I27BHkFlQsNEg/4kDs1kZKA==",
        "dependencies": {
          "FSharp.Core": "6.0.6"
        }
      },
      "Newtonsoft.Json": {
        "type": "Direct",
        "requested": "[13.0.*, )",
        "resolved": "13.0.3",
        "contentHash": "HrC5BXdl00IP9zeV+0Z848QWPAoCr9P3bDEZguI+gkLcBKAOxix/tLEAAHC+UvDNPv4a2d18lOReHMOagPa+zQ=="
      },
      "Ply": {
        "type": "Direct",
        "requested": "[0.3.*, )",
        "resolved": "0.3.1",
        "contentHash": "+Jtg/ID8isRXdvB0/vpsuSpzrLY33rYtzSscdfijOaXqRqzVdah08ljpOZhQPKuid4JRX3RRzxNqc1p8azZbbg==",
        "dependencies": {
          "FSharp.Core": "4.6.2",
          "System.Threading.Tasks.Extensions": "4.5.4"
        }
      },
      "YamlDotNet": {
        "type": "Direct",
        "requested": "[13.1.*, )",
        "resolved": "13.1.0",
        "contentHash": "S4tzJjofMDx8PKtbnwkaMznbPD1aUffVKW+ClhfOGAYFIPuY9sSrArcFQOcRkbwRP1kYIaMbXk4Vsnfk3dE3dQ=="
      },
      "System.Threading.Tasks.Extensions": {
        "type": "Transitive",
        "resolved": "4.5.4",
        "contentHash": "zteT+G8xuGu6mS+mzDzYXbzS7rd3K6Fjb9RiZlYlJPam2/hU7JCBZBVEcywNuR+oZ1ncTvc/cq0faRr3P01OVg=="
      }
    }
  }
}