{
  "version": 1,
  "dependencies": {
    "net8.0": {
      "FSharp.Core": {
        "type": "Direct",
        "requested": "[8.0.*, )",
        "resolved": "8.0.403",
        "contentHash": "t1Pvv2++3zMQKKNuiQc1Lz4TCdaBajgG4mLhOE8AoFzborHQ/JbjIaJr6Mrq8m2z15KLu4r6Qz7E3oeACpljTg=="
      },
      "FSharpPlus": {
        "type": "Direct",
        "requested": "[1.6.*, )",
        "resolved": "1.6.1",
        "contentHash": "HXBoyj7pHxEB5H1YgNBxaPz39ty+KvQFmWQ9AKDaWMtHNGO7r9FH+wq/KL8hz9oIJzG0gKniRUt78qi6WQk4gw==",
        "dependencies": {
          "FSharp.Core": "6.0.6"
        }
      },
      "Newtonsoft.Json": {
        "type": "Direct",
        "requested": "[13.0.*, )",
        "resolved": "13.0.3",
        "contentHash": "HrC5BXdl00IP9zeV+0Z848QWPAoCr9P3bDEZguI+gkLcBKAOxix/tLEAAHC+UvDNPv4a2d18lOReHMOagPa+zQ=="
      },
      "YamlDotNet": {
        "type": "Direct",
        "requested": "[15.1.*, )",
        "resolved": "15.1.6",
        "contentHash": "T/cQEK/KHK96Q8kytJ4iUGDXg1/fj2Qtk6rCQeIlHYU1zTeyGVHW0QNZgREQyxZpygGMDMmrXNWt0sj5TsQnjA=="
      }
    }
  }
}