{
  "version": 1,
  "dependencies": {
    "net8.0": {
      "FSharp.Core": {
        "type": "Direct",
        "requested": "[8.0.*, )",
        "resolved": "8.0.301",
        "contentHash": "I94+2zfAhWMJwPzVDFSlsutZvjPkaRvLVipf8b2O4AyzxKUBmevDkUBzcJBqSQNB1Ikig8xdphswoeKrObqx7Q=="
      },
      "FSharpPlus": {
        "type": "Direct",
        "requested": "[1.6.*, )",
        "resolved": "1.6.1",
        "contentHash": "HXBoyj7pHxEB5H1YgNBxaPz39ty+KvQFmWQ9AKDaWMtHNGO7r9FH+wq/KL8hz9oIJzG0gKniRUt78qi6WQk4gw==",
        "dependencies": {
          "FSharp.Core": "6.0.6"
        }
      },
      "Newtonsoft.Json": {
        "type": "Direct",
        "requested": "[13.0.*, )",
        "resolved": "13.0.3",
        "contentHash": "HrC5BXdl00IP9zeV+0Z848QWPAoCr9P3bDEZguI+gkLcBKAOxix/tLEAAHC+UvDNPv4a2d18lOReHMOagPa+zQ=="
      },
      "Ply": {
        "type": "Direct",
        "requested": "[0.3.*, )",
        "resolved": "0.3.1",
        "contentHash": "+Jtg/ID8isRXdvB0/vpsuSpzrLY33rYtzSscdfijOaXqRqzVdah08ljpOZhQPKuid4JRX3RRzxNqc1p8azZbbg==",
        "dependencies": {
          "FSharp.Core": "4.6.2",
          "System.Threading.Tasks.Extensions": "4.5.4"
        }
      },
      "YamlDotNet": {
        "type": "Direct",
        "requested": "[15.1.*, )",
        "resolved": "15.1.6",
        "contentHash": "T/cQEK/KHK96Q8kytJ4iUGDXg1/fj2Qtk6rCQeIlHYU1zTeyGVHW0QNZgREQyxZpygGMDMmrXNWt0sj5TsQnjA=="
      },
      "System.Threading.Tasks.Extensions": {
        "type": "Transitive",
        "resolved": "4.5.4",
        "contentHash": "zteT+G8xuGu6mS+mzDzYXbzS7rd3K6Fjb9RiZlYlJPam2/hU7JCBZBVEcywNuR+oZ1ncTvc/cq0faRr3P01OVg=="
      }
    },
    "net8.0/linux-x64": {}
  }
}